// !$*UTF8*$!
{
	archiveVersion = 1;
	classes = {
	};
	objectVersion = 46;
	objects = {

/* Begin PBXBuildFile section */
		FE40E030168523EC006419FB /* UIKit.framework in Frameworks */ = {isa = PBXBuildFile; fileRef = FE40E02F168523EC006419FB /* UIKit.framework */; };
		FE40E032168523EC006419FB /* Foundation.framework in Frameworks */ = {isa = PBXBuildFile; fileRef = FE40E031168523EC006419FB /* Foundation.framework */; };
		FE40E034168523EC006419FB /* CoreGraphics.framework in Frameworks */ = {isa = PBXBuildFile; fileRef = FE40E033168523EC006419FB /* CoreGraphics.framework */; };
		FE40E03A168523EC006419FB /* InfoPlist.strings in Resources */ = {isa = PBXBuildFile; fileRef = FE40E038168523EC006419FB /* InfoPlist.strings */; };
		FE40E03C168523EC006419FB /* main.m in Sources */ = {isa = PBXBuildFile; fileRef = FE40E03B168523EC006419FB /* main.m */; };
		FE40E040168523EC006419FB /* messengerAppDelegate.m in Sources */ = {isa = PBXBuildFile; fileRef = FE40E03F168523EC006419FB /* messengerAppDelegate.m */; };
		FE40E042168523EC006419FB /* Default.png in Resources */ = {isa = PBXBuildFile; fileRef = FE40E041168523EC006419FB /* Default.png */; };
		FE40E044168523EC006419FB /* Default@2x.png in Resources */ = {isa = PBXBuildFile; fileRef = FE40E043168523EC006419FB /* Default@2x.png */; };
		FE40E046168523EC006419FB /* Default-568h@2x.png in Resources */ = {isa = PBXBuildFile; fileRef = FE40E045168523EC006419FB /* Default-568h@2x.png */; };
/* End PBXBuildFile section */

/* Begin PBXFileReference section */
		FE40E02B168523EC006419FB /* all_datastructs_practice.app */ = {isa = PBXFileReference; explicitFileType = wrapper.application; includeInIndex = 0; path = all_datastructs_practice.app; sourceTree = BUILT_PRODUCTS_DIR; };
		FE40E02F168523EC006419FB /* UIKit.framework */ = {isa = PBXFileReference; lastKnownFileType = wrapper.framework; name = UIKit.framework; path = System/Library/Frameworks/UIKit.framework; sourceTree = SDKROOT; };
		FE40E031168523EC006419FB /* Foundation.framework */ = {isa = PBXFileReference; lastKnownFileType = wrapper.framework; name = Foundation.framework; path = System/Library/Frameworks/Foundation.framework; sourceTree = SDKROOT; };
		FE40E033168523EC006419FB /* CoreGraphics.framework */ = {isa = PBXFileReference; lastKnownFileType = wrapper.framework; name = CoreGraphics.framework; path = System/Library/Frameworks/CoreGraphics.framework; sourceTree = SDKROOT; };
		FE40E037168523EC006419FB /* all_datastructs_practice-Info.plist */ = {isa = PBXFileReference; lastKnownFileType = text.plist.xml; path = "all_datastructs_practice-Info.plist"; sourceTree = "<group>"; };
		FE40E039168523EC006419FB /* en */ = {isa = PBXFileReference; lastKnownFileType = text.plist.strings; name = en; path = en.lproj/InfoPlist.strings; sourceTree = "<group>"; };
		FE40E03B168523EC006419FB /* main.m */ = {isa = PBXFileReference; lastKnownFileType = sourcecode.c.objc; path = main.m; sourceTree = "<group>"; };
		FE40E03D168523EC006419FB /* all_datastructs_practice-Prefix.pch */ = {isa = PBXFileReference; lastKnownFileType = sourcecode.c.h; path = "all_datastructs_practice-Prefix.pch"; sourceTree = "<group>"; };
		FE40E03E168523EC006419FB /* messengerAppDelegate.h */ = {isa = PBXFileReference; lastKnownFileType = sourcecode.c.h; path = messengerAppDelegate.h; sourceTree = "<group>"; };
		FE40E03F168523EC006419FB /* messengerAppDelegate.m */ = {isa = PBXFileReference; lastKnownFileType = sourcecode.c.objc; path = messengerAppDelegate.m; sourceTree = "<group>"; };
		FE40E041168523EC006419FB /* Default.png */ = {isa = PBXFileReference; lastKnownFileType = image.png; path = Default.png; sourceTree = "<group>"; };
		FE40E043168523EC006419FB /* Default@2x.png */ = {isa = PBXFileReference; lastKnownFileType = image.png; path = "Default@2x.png"; sourceTree = "<group>"; };
		FE40E045168523EC006419FB /* Default-568h@2x.png */ = {isa = PBXFileReference; lastKnownFileType = image.png; path = "Default-568h@2x.png"; sourceTree = "<group>"; };
/* End PBXFileReference section */

/* Begin PBXFrameworksBuildPhase section */
		FE40E028168523EC006419FB /* Frameworks */ = {
			isa = PBXFrameworksBuildPhase;
			buildActionMask = 2147483647;
			files = (
				FE40E030168523EC006419FB /* UIKit.framework in Frameworks */,
				FE40E032168523EC006419FB /* Foundation.framework in Frameworks */,
				FE40E034168523EC006419FB /* CoreGraphics.framework in Frameworks */,
			);
			runOnlyForDeploymentPostprocessing = 0;
		};
/* End PBXFrameworksBuildPhase section */

/* Begin PBXGroup section */
		FE40E020168523EC006419FB = {
			isa = PBXGroup;
			children = (
				FE40E035168523EC006419FB /* all_datastructs_practice */,
				FE40E02E168523EC006419FB /* Frameworks */,
				FE40E02C168523EC006419FB /* Products */,
			);
			sourceTree = "<group>";
		};
		FE40E02C168523EC006419FB /* Products */ = {
			isa = PBXGroup;
			children = (
				FE40E02B168523EC006419FB /* all_datastructs_practice.app */,
			);
			name = Products;
			sourceTree = "<group>";
		};
		FE40E02E168523EC006419FB /* Frameworks */ = {
			isa = PBXGroup;
			children = (
				FE40E02F168523EC006419FB /* UIKit.framework */,
				FE40E031168523EC006419FB /* Foundation.framework */,
				FE40E033168523EC006419FB /* CoreGraphics.framework */,
			);
			name = Frameworks;
			sourceTree = "<group>";
		};
		FE40E035168523EC006419FB /* all_datastructs_practice */ = {
			isa = PBXGroup;
			children = (
				FE40E03E168523EC006419FB /* messengerAppDelegate.h */,
				FE40E03F168523EC006419FB /* messengerAppDelegate.m */,
				FE40E036168523EC006419FB /* Supporting Files */,
			);
			path = all_datastructs_practice;
			sourceTree = "<group>";
		};
		FE40E036168523EC006419FB /* Supporting Files */ = {
			isa = PBXGroup;
			children = (
				FE40E037168523EC006419FB /* all_datastructs_practice-Info.plist */,
				FE40E038168523EC006419FB /* InfoPlist.strings */,
				FE40E03B168523EC006419FB /* main.m */,
				FE40E03D168523EC006419FB /* all_datastructs_practice-Prefix.pch */,
				FE40E041168523EC006419FB /* Default.png */,
				FE40E043168523EC006419FB /* Default@2x.png */,
				FE40E045168523EC006419FB /* Default-568h@2x.png */,
			);
			name = "Supporting Files";
			sourceTree = "<group>";
		};
/* End PBXGroup section */

/* Begin PBXNativeTarget section */
		FE40E02A168523EC006419FB /* all_datastructs_practice */ = {
			isa = PBXNativeTarget;
			buildConfigurationList = FE40E049168523EC006419FB /* Build configuration list for PBXNativeTarget "all_datastructs_practice" */;
			buildPhases = (
				FE40E027168523EC006419FB /* Sources */,
				FE40E028168523EC006419FB /* Frameworks */,
				FE40E029168523EC006419FB /* Resources */,
			);
			buildRules = (
			);
			dependencies = (
			);
			name = all_datastructs_practice;
			productName = all_datastructs_practice;
			productReference = FE40E02B168523EC006419FB /* all_datastructs_practice.app */;
			productType = "com.apple.product-type.application";
		};
/* End PBXNativeTarget section */

/* Begin PBXProject section */
		FE40E022168523EC006419FB /* Project object */ = {
			isa = PBXProject;
			attributes = {
				CLASSPREFIX = messenger;
				LastUpgradeCheck = 0450;
				ORGANIZATIONNAME = "Ankit Malhotra";
			};
			buildConfigurationList = FE40E025168523EC006419FB /* Build configuration list for PBXProject "all_datastructs_practice" */;
			compatibilityVersion = "Xcode 3.2";
			developmentRegion = English;
			hasScannedForEncodings = 0;
			knownRegions = (
				en,
			);
			mainGroup = FE40E020168523EC006419FB;
			productRefGroup = FE40E02C168523EC006419FB /* Products */;
			projectDirPath = "";
			projectRoot = "";
			targets = (
				FE40E02A168523EC006419FB /* all_datastructs_practice */,
			);
		};
/* End PBXProject section */

/* Begin PBXResourcesBuildPhase section */
		FE40E029168523EC006419FB /* Resources */ = {
			isa = PBXResourcesBuildPhase;
			buildActionMask = 2147483647;
			files = (
				FE40E03A168523EC006419FB /* InfoPlist.strings in Resources */,
				FE40E042168523EC006419FB /* Default.png in Resources */,
				FE40E044168523EC006419FB /* Default@2x.png in Resources */,
				FE40E046168523EC006419FB /* Default-568h@2x.png in Resources */,
			);
			runOnlyForDeploymentPostprocessing = 0;
		};
/* End PBXResourcesBuildPhase section */

/* Begin PBXSourcesBuildPhase section */
		FE40E027168523EC006419FB /* Sources */ = {
			isa = PBXSourcesBuildPhase;
			buildActionMask = 2147483647;
			files = (
				FE40E03C168523EC006419FB /* main.m in Sources */,
				FE40E040168523EC006419FB /* messengerAppDelegate.m in Sources */,
			);
			runOnlyForDeploymentPostprocessing = 0;
		};
/* End PBXSourcesBuildPhase section */

/* Begin PBXVariantGroup section */
		FE40E038168523EC006419FB /* InfoPlist.strings */ = {
			isa = PBXVariantGroup;
			children = (
				FE40E039168523EC006419FB /* en */,
			);
			name = InfoPlist.strings;
			sourceTree = "<group>";
		};
/* End PBXVariantGroup section */

/* Begin XCBuildConfiguration section */
		FE40E047168523EC006419FB /* Debug */ = {
			isa = XCBuildConfiguration;
			buildSettings = {
				ALWAYS_SEARCH_USER_PATHS = NO;
				CLANG_CXX_LANGUAGE_STANDARD = "gnu++0x";
				CLANG_CXX_LIBRARY = "libc++";
				CLANG_WARN_EMPTY_BODY = YES;
				CLANG_WARN__DUPLICATE_METHOD_MATCH = YES;
				"CODE_SIGN_IDENTITY[sdk=iphoneos*]" = "iPhone Developer";
				COPY_PHASE_STRIP = NO;
				GCC_C_LANGUAGE_STANDARD = gnu99;
				GCC_DYNAMIC_NO_PIC = NO;
				GCC_OPTIMIZATION_LEVEL = 0;
				GCC_PREPROCESSOR_DEFINITIONS = (
					"DEBUG=1",
					"$(inherited)",
				);
				GCC_SYMBOLS_PRIVATE_EXTERN = NO;
				GCC_WARN_ABOUT_RETURN_TYPE = YES;
				GCC_WARN_UNINITIALIZED_AUTOS = YES;
				GCC_WARN_UNUSED_VARIABLE = YES;
				IPHONEOS_DEPLOYMENT_TARGET = 6.0;
				ONLY_ACTIVE_ARCH = YES;
				SDKROOT = iphoneos;
				TARGETED_DEVICE_FAMILY = "1,2";
			};
			name = Debug;
		};
		FE40E048168523EC006419FB /* Release */ = {
			isa = XCBuildConfiguration;
			buildSettings = {
				ALWAYS_SEARCH_USER_PATHS = NO;
				CLANG_CXX_LANGUAGE_STANDARD = "gnu++0x";
				CLANG_CXX_LIBRARY = "libc++";
				CLANG_WARN_EMPTY_BODY = YES;
				CLANG_WARN__DUPLICATE_METHOD_MATCH = YES;
				"CODE_SIGN_IDENTITY[sdk=iphoneos*]" = "iPhone Developer";
				COPY_PHASE_STRIP = YES;
				GCC_C_LANGUAGE_STANDARD = gnu99;
				GCC_WARN_ABOUT_RETURN_TYPE = YES;
				GCC_WARN_UNINITIALIZED_AUTOS = YES;
				GCC_WARN_UNUSED_VARIABLE = YES;
				IPHONEOS_DEPLOYMENT_TARGET = 6.0;
				OTHER_CFLAGS = "-DNS_BLOCK_ASSERTIONS=1";
				SDKROOT = iphoneos;
				TARGETED_DEVICE_FAMILY = "1,2";
				VALIDATE_PRODUCT = YES;
			};
			name = Release;
		};
		FE40E04A168523EC006419FB /* Debug */ = {
			isa = XCBuildConfiguration;
			buildSettings = {
				GCC_PRECOMPILE_PREFIX_HEADER = YES;
				GCC_PREFIX_HEADER = "all_datastructs_practice/all_datastructs_practice-Prefix.pch";
				INFOPLIST_FILE = "all_datastructs_practice/all_datastructs_practice-Info.plist";
				PRODUCT_NAME = "$(TARGET_NAME)";
				WRAPPER_EXTENSION = app;
			};
			name = Debug;
		};
		FE40E04B168523EC006419FB /* Release */ = {
			isa = XCBuildConfiguration;
			buildSettings = {
				GCC_PRECOMPILE_PREFIX_HEADER = YES;
				GCC_PREFIX_HEADER = "all_datastructs_practice/all_datastructs_practice-Prefix.pch";
				INFOPLIST_FILE = "all_datastructs_practice/all_datastructs_practice-Info.plist";
				PRODUCT_NAME = "$(TARGET_NAME)";
				WRAPPER_EXTENSION = app;
			};
			name = Release;
		};
/* End XCBuildConfiguration section */

/* Begin XCConfigurationList section */
		FE40E025168523EC006419FB /* Build configuration list for PBXProject "all_datastructs_practice" */ = {
			isa = XCConfigurationList;
			buildConfigurations = (
				FE40E047168523EC006419FB /* Debug */,
				FE40E048168523EC006419FB /* Release */,
			);
			defaultConfigurationIsVisible = 0;
			defaultConfigurationName = Release;
		};
		FE40E049168523EC006419FB /* Build configuration list for PBXNativeTarget "all_datastructs_practice" */ = {
			isa = XCConfigurationList;
			buildConfigurations = (
				FE40E04A168523EC006419FB /* Debug */,
				FE40E04B168523EC006419FB /* Release */,
			);
			defaultConfigurationIsVisible = 0;
		};
/* End XCConfigurationList section */
	};
	rootObject = FE40E022168523EC006419FB /* Project object */;
}
